
Microsoft Visual Studio Solution File, Format Version 12.00
# Visual Studio Version 17
VisualStudioVersion = 17.4.33103.184
MinimumVisualStudioVersion = 10.0.40219.1
Project("{FAE04EC0-301F-11D3-BF4B-00C04F79EFBC}") = "PROYECTONINJA", "PROYECTONINJA.csproj", "{7ED1BCB5-C8EB-49E1-BA4C-E4A116BCF50E}"
EndProject
Global
	GlobalSection(SolutionConfigurationPlatforms) = preSolution
		Debug|Any CPU = Debug|Any CPU
		Release|Any CPU = Release|Any CPU
	EndGlobalSection
	GlobalSection(ProjectConfigurationPlatforms) = postSolution
		{7ED1BCB5-C8EB-49E1-BA4C-E4A116BCF50E}.Debug|Any CPU.ActiveCfg = Debug|Any CPU
		{7ED1BCB5-C8EB-49E1-BA4C-E4A116BCF50E}.Debug|Any CPU.Build.0 = Debug|Any CPU
		{7ED1BCB5-C8EB-49E1-BA4C-E4A116BCF50E}.Release|Any CPU.ActiveCfg = Release|Any CPU
		{7ED1BCB5-C8EB-49E1-BA4C-E4A116BCF50E}.Release|Any CPU.Build.0 = Release|Any CPU
	EndGlobalSection
	GlobalSection(SolutionProperties) = preSolution
		HideSolutionNode = FALSE
	EndGlobalSection
	GlobalSection(ExtensibilityGlobals) = postSolution
		SolutionGuid = {AD44761C-AE41-403A-8C66-81D2277FAA12}
	EndGlobalSection
EndGlobal
